github.com/rainycape/dl v0.0.0-20151222075243-1b01514224a1 h1:XZlja+DeIOJeEPWAfM9M5wko0keB9qgRfuuWbry6VBQ=
github.com/rainycape/dl v0.0.0-20151222075243-1b01514224a1/go.mod h1:lh74SQgfeEuNq74dKWzDLuVB+/ntX5c4g1oDyL4GkGg=
golang.org/x/net v0.27.0 h1:5K3Njcw06/l2y9vpGCSdcxWOYHOUk3dVNGDXN+FvAys=
golang.org/x/net v0.27.0/go.mod h1:dDi0PyhWNoiUOrAS8uXv/vnScO4wnHQO4mj9fn/RytE=
